
Microsoft Visual Studio Solution File, Format Version 12.00
# Visual Studio Version 17
VisualStudioVersion = 17.4.33205.214
MinimumVisualStudioVersion = 10.0.40219.1
Project("{FAE04EC0-301F-11D3-BF4B-00C04F79EFBC}") = "Wind-up Zeno", "Wind-up Zeno.csproj", "{AC617B4E-0516-480C-916D-5B3A17258E89}"
EndProject
Global
	GlobalSection(SolutionConfigurationPlatforms) = preSolution
		Debug|Any CPU = Debug|Any CPU
		Release|Any CPU = Release|Any CPU
	EndGlobalSection
	GlobalSection(ProjectConfigurationPlatforms) = postSolution
		{AC617B4E-0516-480C-916D-5B3A17258E89}.Debug|Any CPU.ActiveCfg = Debug|Any CPU
		{AC617B4E-0516-480C-916D-5B3A17258E89}.Debug|Any CPU.Build.0 = Debug|Any CPU
		{AC617B4E-0516-480C-916D-5B3A17258E89}.Release|Any CPU.ActiveCfg = Release|Any CPU
		{AC617B4E-0516-480C-916D-5B3A17258E89}.Release|Any CPU.Build.0 = Release|Any CPU
	EndGlobalSection
	GlobalSection(SolutionProperties) = preSolution
		HideSolutionNode = FALSE
	EndGlobalSection
	GlobalSection(ExtensibilityGlobals) = postSolution
		SolutionGuid = {5EC8DCED-7B95-4497-AD4D-C073FF844C19}
	EndGlobalSection
EndGlobal
